
Microsoft Visual Studio Solution File, Format Version 12.00
# Visual Studio Version 16
VisualStudioVersion = 16.0.28705.295
MinimumVisualStudioVersion = 10.0.40219.1
Project("{FAE04EC0-301F-11D3-BF4B-00C04F79EFBC}") = "StringCalculator.Api", "StringCalculator.Api\StringCalculator.Api.csproj", "{1B489D66-95B5-4C57-ADC2-887B11A912EC}"
EndProject
Project("{FAE04EC0-301F-11D3-BF4B-00C04F79EFBC}") = "StringCalculator.Core", "StringCalculator.Core\StringCalculator.Core.csproj", "{3585D179-982A-4781-8DCB-8134A7A2FBB0}"
EndProject
Project("{FAE04EC0-301F-11D3-BF4B-00C04F79EFBC}") = "StringCalculator.Tests.Unit", "StringCalculator.Tests.Unit\StringCalculator.Tests.Unit.csproj", "{895FDB94-E091-4096-A3AA-28BE711919F8}"
EndProject
Global
	GlobalSection(SolutionConfigurationPlatforms) = preSolution
		Debug|Any CPU = Debug|Any CPU
		Release|Any CPU = Release|Any CPU
	EndGlobalSection
	GlobalSection(ProjectConfigurationPlatforms) = postSolution
		{1B489D66-95B5-4C57-ADC2-887B11A912EC}.Debug|Any CPU.ActiveCfg = Debug|Any CPU
		{1B489D66-95B5-4C57-ADC2-887B11A912EC}.Debug|Any CPU.Build.0 = Debug|Any CPU
		{1B489D66-95B5-4C57-ADC2-887B11A912EC}.Release|Any CPU.ActiveCfg = Release|Any CPU
		{1B489D66-95B5-4C57-ADC2-887B11A912EC}.Release|Any CPU.Build.0 = Release|Any CPU
		{3585D179-982A-4781-8DCB-8134A7A2FBB0}.Debug|Any CPU.ActiveCfg = Debug|Any CPU
		{3585D179-982A-4781-8DCB-8134A7A2FBB0}.Debug|Any CPU.Build.0 = Debug|Any CPU
		{3585D179-982A-4781-8DCB-8134A7A2FBB0}.Release|Any CPU.ActiveCfg = Release|Any CPU
		{3585D179-982A-4781-8DCB-8134A7A2FBB0}.Release|Any CPU.Build.0 = Release|Any CPU
		{895FDB94-E091-4096-A3AA-28BE711919F8}.Debug|Any CPU.ActiveCfg = Debug|Any CPU
		{895FDB94-E091-4096-A3AA-28BE711919F8}.Debug|Any CPU.Build.0 = Debug|Any CPU
		{895FDB94-E091-4096-A3AA-28BE711919F8}.Release|Any CPU.ActiveCfg = Release|Any CPU
		{895FDB94-E091-4096-A3AA-28BE711919F8}.Release|Any CPU.Build.0 = Release|Any CPU
	EndGlobalSection
	GlobalSection(SolutionProperties) = preSolution
		HideSolutionNode = FALSE
	EndGlobalSection
	GlobalSection(ExtensibilityGlobals) = postSolution
		SolutionGuid = {C4535F83-D391-4358-BA5D-F0D08C43759D}
	EndGlobalSection
EndGlobal
